
Microsoft Visual Studio Solution File, Format Version 12.00
# Visual Studio 14
VisualStudioVersion = 14.0.25420.1
MinimumVisualStudioVersion = 10.0.40219.1
Project("{8BC9CEB8-8B4A-11D0-8D11-00A0C91BC942}") = "MediaStream", "MediaStream\MediaStream.vcxproj", "{6220BE0E-506F-4163-BB23-EF25A31A1044}"
EndProject
Project("{8BC9CEB8-8B4A-11D0-8D11-00A0C91BC942}") = "FfmpegMedia", "FfmpegMedia\FfmpegMedia.vcxproj", "{22733677-F1CD-4460-8074-2954832A907B}"
EndProject
Project("{8BC9CEB8-8B4A-11D0-8D11-00A0C91BC942}") = "Renderer", "Renderer\Renderer.vcxproj", "{B12702AD-ABFB-343A-A199-8E24837244A3}"
EndProject
Project("{8BC9CEB8-8B4A-11D0-8D11-00A0C91BC942}") = "VLCPlayer", "VLCPlayer\VLCPlayer.vcxproj", "{4DAC583E-D1FD-47FB-A7AF-8E098E0AEE03}"
EndProject
Global
	GlobalSection(SolutionConfigurationPlatforms) = preSolution
		Debug|x64 = Debug|x64
		Debug|x86 = Debug|x86
		Release|x64 = Release|x64
		Release|x86 = Release|x86
	EndGlobalSection
	GlobalSection(ProjectConfigurationPlatforms) = postSolution
		{6220BE0E-506F-4163-BB23-EF25A31A1044}.Debug|x64.ActiveCfg = Debug|x64
		{6220BE0E-506F-4163-BB23-EF25A31A1044}.Debug|x64.Build.0 = Debug|x64
		{6220BE0E-506F-4163-BB23-EF25A31A1044}.Debug|x86.ActiveCfg = Debug|Win32
		{6220BE0E-506F-4163-BB23-EF25A31A1044}.Debug|x86.Build.0 = Debug|Win32
		{6220BE0E-506F-4163-BB23-EF25A31A1044}.Release|x64.ActiveCfg = Release|x64
		{6220BE0E-506F-4163-BB23-EF25A31A1044}.Release|x64.Build.0 = Release|x64
		{6220BE0E-506F-4163-BB23-EF25A31A1044}.Release|x86.ActiveCfg = Release|Win32
		{6220BE0E-506F-4163-BB23-EF25A31A1044}.Release|x86.Build.0 = Release|Win32
		{22733677-F1CD-4460-8074-2954832A907B}.Debug|x64.ActiveCfg = Debug|x64
		{22733677-F1CD-4460-8074-2954832A907B}.Debug|x64.Build.0 = Debug|x64
		{22733677-F1CD-4460-8074-2954832A907B}.Debug|x86.ActiveCfg = Debug|Win32
		{22733677-F1CD-4460-8074-2954832A907B}.Debug|x86.Build.0 = Debug|Win32
		{22733677-F1CD-4460-8074-2954832A907B}.Release|x64.ActiveCfg = Release|x64
		{22733677-F1CD-4460-8074-2954832A907B}.Release|x64.Build.0 = Release|x64
		{22733677-F1CD-4460-8074-2954832A907B}.Release|x86.ActiveCfg = Release|Win32
		{22733677-F1CD-4460-8074-2954832A907B}.Release|x86.Build.0 = Release|Win32
		{B12702AD-ABFB-343A-A199-8E24837244A3}.Debug|x64.ActiveCfg = Debug|x64
		{B12702AD-ABFB-343A-A199-8E24837244A3}.Debug|x64.Build.0 = Debug|x64
		{B12702AD-ABFB-343A-A199-8E24837244A3}.Debug|x86.ActiveCfg = Debug|x64
		{B12702AD-ABFB-343A-A199-8E24837244A3}.Release|x64.ActiveCfg = Release|x64
		{B12702AD-ABFB-343A-A199-8E24837244A3}.Release|x64.Build.0 = Release|x64
		{B12702AD-ABFB-343A-A199-8E24837244A3}.Release|x86.ActiveCfg = Release|x64
		{4DAC583E-D1FD-47FB-A7AF-8E098E0AEE03}.Debug|x64.ActiveCfg = Debug|x64
		{4DAC583E-D1FD-47FB-A7AF-8E098E0AEE03}.Debug|x64.Build.0 = Debug|x64
		{4DAC583E-D1FD-47FB-A7AF-8E098E0AEE03}.Debug|x86.ActiveCfg = Debug|Win32
		{4DAC583E-D1FD-47FB-A7AF-8E098E0AEE03}.Debug|x86.Build.0 = Debug|Win32
		{4DAC583E-D1FD-47FB-A7AF-8E098E0AEE03}.Release|x64.ActiveCfg = Release|x64
		{4DAC583E-D1FD-47FB-A7AF-8E098E0AEE03}.Release|x64.Build.0 = Release|x64
		{4DAC583E-D1FD-47FB-A7AF-8E098E0AEE03}.Release|x86.ActiveCfg = Release|Win32
		{4DAC583E-D1FD-47FB-A7AF-8E098E0AEE03}.Release|x86.Build.0 = Release|Win32
	EndGlobalSection
	GlobalSection(SolutionProperties) = preSolution
		HideSolutionNode = FALSE
	EndGlobalSection
EndGlobal
